// !$*UTF8*$!
{
	archiveVersion = 1;
	classes = {
	};
	objectVersion = 56;
	objects = {

/* Begin PBXBuildFile section */
		4C5EFB342B699966001D19E4 /* utests.m in Sources */ = {isa = PBXBuildFile; fileRef = 4C5EFB332B699966001D19E4 /* utests.m */; };
		4C7110AA2B603DBC005CB862 /* logger.c in Sources */ = {isa = PBXBuildFile; fileRef = 4C7110A92B603DBC005CB862 /* logger.c */; };
		4C8A34C62B682003008EF4CA /* demo_main.c in Sources */ = {isa = PBXBuildFile; fileRef = 4C8A34C52B682003008EF4CA /* demo_main.c */; };
		4C8A34C92B682014008EF4CA /* demo_funcs.c in Sources */ = {isa = PBXBuildFile; fileRef = 4C8A34C82B682014008EF4CA /* demo_funcs.c */; };
/* End PBXBuildFile section */

/* Begin PBXCopyFilesBuildPhase section */
		4C71109A2B603D79005CB862 /* CopyFiles */ = {
			isa = PBXCopyFilesBuildPhase;
			buildActionMask = 2147483647;
			dstPath = /usr/share/man/man1/;
			dstSubfolderSpec = 0;
			files = (
			);
			runOnlyForDeploymentPostprocessing = 1;
		};
/* End PBXCopyFilesBuildPhase section */

/* Begin PBXFileReference section */
		4C5EFB312B699966001D19E4 /* utests.xctest */ = {isa = PBXFileReference; explicitFileType = wrapper.cfbundle; includeInIndex = 0; path = utests.xctest; sourceTree = BUILT_PRODUCTS_DIR; };
		4C5EFB332B699966001D19E4 /* utests.m */ = {isa = PBXFileReference; lastKnownFileType = sourcecode.c.objc; path = utests.m; sourceTree = "<group>"; };
		4C71109C2B603D79005CB862 /* logger */ = {isa = PBXFileReference; explicitFileType = "compiled.mach-o.executable"; includeInIndex = 0; path = logger; sourceTree = BUILT_PRODUCTS_DIR; };
		4C7110A82B603DBC005CB862 /* logger.h */ = {isa = PBXFileReference; lastKnownFileType = sourcecode.c.h; path = logger.h; sourceTree = "<group>"; };
		4C7110A92B603DBC005CB862 /* logger.c */ = {isa = PBXFileReference; lastKnownFileType = sourcecode.c.c; path = logger.c; sourceTree = "<group>"; };
		4C8A34C52B682003008EF4CA /* demo_main.c */ = {isa = PBXFileReference; lastKnownFileType = sourcecode.c.c; path = demo_main.c; sourceTree = "<group>"; };
		4C8A34C72B682014008EF4CA /* demo_funcs.h */ = {isa = PBXFileReference; lastKnownFileType = sourcecode.c.h; path = demo_funcs.h; sourceTree = "<group>"; };
		4C8A34C82B682014008EF4CA /* demo_funcs.c */ = {isa = PBXFileReference; lastKnownFileType = sourcecode.c.c; path = demo_funcs.c; sourceTree = "<group>"; };
/* End PBXFileReference section */

/* Begin PBXFrameworksBuildPhase section */
		4C5EFB2E2B699966001D19E4 /* Frameworks */ = {
			isa = PBXFrameworksBuildPhase;
			buildActionMask = 2147483647;
			files = (
			);
			runOnlyForDeploymentPostprocessing = 0;
		};
		4C7110992B603D79005CB862 /* Frameworks */ = {
			isa = PBXFrameworksBuildPhase;
			buildActionMask = 2147483647;
			files = (
			);
			runOnlyForDeploymentPostprocessing = 0;
		};
/* End PBXFrameworksBuildPhase section */

/* Begin PBXGroup section */
		4C5EFB322B699966001D19E4 /* utests */ = {
			isa = PBXGroup;
			children = (
				4C5EFB332B699966001D19E4 /* utests.m */,
			);
			path = utests;
			sourceTree = "<group>";
		};
		4C7110932B603D79005CB862 = {
			isa = PBXGroup;
			children = (
				4C8A34BE2B681E94008EF4CA /* example */,
				4C7110AC2B603EAE005CB862 /* logger */,
				4C5EFB322B699966001D19E4 /* utests */,
				4C71109D2B603D79005CB862 /* Products */,
			);
			sourceTree = "<group>";
		};
		4C71109D2B603D79005CB862 /* Products */ = {
			isa = PBXGroup;
			children = (
				4C71109C2B603D79005CB862 /* logger */,
				4C5EFB312B699966001D19E4 /* utests.xctest */,
			);
			name = Products;
			sourceTree = "<group>";
		};
		4C7110AC2B603EAE005CB862 /* logger */ = {
			isa = PBXGroup;
			children = (
				4C7110A82B603DBC005CB862 /* logger.h */,
				4C7110A92B603DBC005CB862 /* logger.c */,
			);
			path = logger;
			sourceTree = "<group>";
		};
		4C8A34BE2B681E94008EF4CA /* example */ = {
			isa = PBXGroup;
			children = (
				4C8A34C52B682003008EF4CA /* demo_main.c */,
				4C8A34C72B682014008EF4CA /* demo_funcs.h */,
				4C8A34C82B682014008EF4CA /* demo_funcs.c */,
			);
			path = example;
			sourceTree = "<group>";
		};
/* End PBXGroup section */

/* Begin PBXNativeTarget section */
		4C5EFB302B699966001D19E4 /* utests */ = {
			isa = PBXNativeTarget;
			buildConfigurationList = 4C5EFB372B699966001D19E4 /* Build configuration list for PBXNativeTarget "utests" */;
			buildPhases = (
				4C5EFB2D2B699966001D19E4 /* Sources */,
				4C5EFB2E2B699966001D19E4 /* Frameworks */,
				4C5EFB2F2B699966001D19E4 /* Resources */,
			);
			buildRules = (
			);
			dependencies = (
			);
			name = utests;
			productName = utests;
			productReference = 4C5EFB312B699966001D19E4 /* utests.xctest */;
			productType = "com.apple.product-type.bundle.unit-test";
		};
		4C71109B2B603D79005CB862 /* logger */ = {
			isa = PBXNativeTarget;
			buildConfigurationList = 4C7110A32B603D79005CB862 /* Build configuration list for PBXNativeTarget "logger" */;
			buildPhases = (
				4C7110982B603D79005CB862 /* Sources */,
				4C7110992B603D79005CB862 /* Frameworks */,
				4C71109A2B603D79005CB862 /* CopyFiles */,
			);
			buildRules = (
			);
			dependencies = (
			);
			name = logger;
			productName = logger;
			productReference = 4C71109C2B603D79005CB862 /* logger */;
			productType = "com.apple.product-type.tool";
		};
/* End PBXNativeTarget section */

/* Begin PBXProject section */
		4C7110942B603D79005CB862 /* Project object */ = {
			isa = PBXProject;
			attributes = {
				BuildIndependentTargetsInParallel = 1;
				LastUpgradeCheck = 1520;
				TargetAttributes = {
					4C5EFB302B699966001D19E4 = {
						CreatedOnToolsVersion = 15.2;
					};
					4C71109B2B603D79005CB862 = {
						CreatedOnToolsVersion = 15.2;
					};
				};
			};
			buildConfigurationList = 4C7110972B603D79005CB862 /* Build configuration list for PBXProject "logger" */;
			compatibilityVersion = "Xcode 14.0";
			developmentRegion = en;
			hasScannedForEncodings = 0;
			knownRegions = (
				en,
				Base,
			);
			mainGroup = 4C7110932B603D79005CB862;
			productRefGroup = 4C71109D2B603D79005CB862 /* Products */;
			projectDirPath = "";
			projectRoot = "";
			targets = (
				4C71109B2B603D79005CB862 /* logger */,
				4C5EFB302B699966001D19E4 /* utests */,
			);
		};
/* End PBXProject section */

/* Begin PBXResourcesBuildPhase section */
		4C5EFB2F2B699966001D19E4 /* Resources */ = {
			isa = PBXResourcesBuildPhase;
			buildActionMask = 2147483647;
			files = (
			);
			runOnlyForDeploymentPostprocessing = 0;
		};
/* End PBXResourcesBuildPhase section */

/* Begin PBXSourcesBuildPhase section */
		4C5EFB2D2B699966001D19E4 /* Sources */ = {
			isa = PBXSourcesBuildPhase;
			buildActionMask = 2147483647;
			files = (
				4C5EFB342B699966001D19E4 /* utests.m in Sources */,
			);
			runOnlyForDeploymentPostprocessing = 0;
		};
		4C7110982B603D79005CB862 /* Sources */ = {
			isa = PBXSourcesBuildPhase;
			buildActionMask = 2147483647;
			files = (
				4C8A34C92B682014008EF4CA /* demo_funcs.c in Sources */,
				4C7110AA2B603DBC005CB862 /* logger.c in Sources */,
				4C8A34C62B682003008EF4CA /* demo_main.c in Sources */,
			);
			runOnlyForDeploymentPostprocessing = 0;
		};
/* End PBXSourcesBuildPhase section */

/* Begin XCBuildConfiguration section */
		4C5EFB352B699966001D19E4 /* Debug */ = {
			isa = XCBuildConfiguration;
			buildSettings = {
				CODE_SIGN_STYLE = Automatic;
				CURRENT_PROJECT_VERSION = 1;
				GENERATE_INFOPLIST_FILE = YES;
				MARKETING_VERSION = 1.0;
				PRODUCT_BUNDLE_IDENTIFIER = komarovn654.utests;
				PRODUCT_NAME = "$(TARGET_NAME)";
				SWIFT_EMIT_LOC_STRINGS = NO;
			};
			name = Debug;
		};
		4C5EFB362B699966001D19E4 /* Release */ = {
			isa = XCBuildConfiguration;
			buildSettings = {
				CODE_SIGN_STYLE = Automatic;
				CURRENT_PROJECT_VERSION = 1;
				GENERATE_INFOPLIST_FILE = YES;
				MARKETING_VERSION = 1.0;
				PRODUCT_BUNDLE_IDENTIFIER = komarovn654.utests;
				PRODUCT_NAME = "$(TARGET_NAME)";
				SWIFT_EMIT_LOC_STRINGS = NO;
			};
			name = Release;
		};
		4C7110A12B603D79005CB862 /* Debug */ = {
			isa = XCBuildConfiguration;
			buildSettings = {
				ALWAYS_SEARCH_USER_PATHS = NO;
				ASSETCATALOG_COMPILER_GENERATE_SWIFT_ASSET_SYMBOL_EXTENSIONS = YES;
				CLANG_ANALYZER_NONNULL = YES;
				CLANG_ANALYZER_NUMBER_OBJECT_CONVERSION = YES_AGGRESSIVE;
				CLANG_CXX_LANGUAGE_STANDARD = "gnu++20";
				CLANG_ENABLE_MODULES = YES;
				CLANG_ENABLE_OBJC_ARC = YES;
				CLANG_ENABLE_OBJC_WEAK = YES;
				CLANG_WARN_BLOCK_CAPTURE_AUTORELEASING = YES;
				CLANG_WARN_BOOL_CONVERSION = YES;
				CLANG_WARN_COMMA = YES;
				CLANG_WARN_CONSTANT_CONVERSION = YES;
				CLANG_WARN_DEPRECATED_OBJC_IMPLEMENTATIONS = YES;
				CLANG_WARN_DIRECT_OBJC_ISA_USAGE = YES_ERROR;
				CLANG_WARN_DOCUMENTATION_COMMENTS = YES;
				CLANG_WARN_EMPTY_BODY = YES;
				CLANG_WARN_ENUM_CONVERSION = YES;
				CLANG_WARN_INFINITE_RECURSION = YES;
				CLANG_WARN_INT_CONVERSION = YES;
				CLANG_WARN_NON_LITERAL_NULL_CONVERSION = YES;
				CLANG_WARN_OBJC_IMPLICIT_RETAIN_SELF = YES;
				CLANG_WARN_OBJC_LITERAL_CONVERSION = YES;
				CLANG_WARN_OBJC_ROOT_CLASS = YES_ERROR;
				CLANG_WARN_QUOTED_INCLUDE_IN_FRAMEWORK_HEADER = YES;
				CLANG_WARN_RANGE_LOOP_ANALYSIS = YES;
				CLANG_WARN_STRICT_PROTOTYPES = YES;
				CLANG_WARN_SUSPICIOUS_MOVE = YES;
				CLANG_WARN_UNGUARDED_AVAILABILITY = YES_AGGRESSIVE;
				CLANG_WARN_UNREACHABLE_CODE = YES;
				CLANG_WARN__DUPLICATE_METHOD_MATCH = YES;
				COPY_PHASE_STRIP = NO;
				DEBUG_INFORMATION_FORMAT = dwarf;
				ENABLE_STRICT_OBJC_MSGSEND = YES;
				ENABLE_TESTABILITY = YES;
				ENABLE_USER_SCRIPT_SANDBOXING = YES;
				GCC_C_LANGUAGE_STANDARD = gnu17;
				GCC_DYNAMIC_NO_PIC = NO;
				GCC_NO_COMMON_BLOCKS = YES;
				GCC_OPTIMIZATION_LEVEL = 0;
				GCC_PREPROCESSOR_DEFINITIONS = (
					"DEBUG=1",
					"$(inherited)",
				);
				GCC_WARN_64_TO_32_BIT_CONVERSION = YES;
				GCC_WARN_ABOUT_RETURN_TYPE = YES_ERROR;
				GCC_WARN_UNDECLARED_SELECTOR = YES;
				GCC_WARN_UNINITIALIZED_AUTOS = YES_AGGRESSIVE;
				GCC_WARN_UNUSED_FUNCTION = YES;
				GCC_WARN_UNUSED_VARIABLE = YES;
				HEADER_SEARCH_PATHS = /opt/homebrew/Cellar/googletest/1.14.0/include;
				LOCALIZATION_PREFERS_STRING_CATALOGS = YES;
				MACOSX_DEPLOYMENT_TARGET = 14.2;
				MTL_ENABLE_DEBUG_INFO = INCLUDE_SOURCE;
				MTL_FAST_MATH = YES;
				ONLY_ACTIVE_ARCH = YES;
				SDKROOT = macosx;
				new = "";
			};
			name = Debug;
		};
		4C7110A22B603D79005CB862 /* Release */ = {
			isa = XCBuildConfiguration;
			buildSettings = {
				ALWAYS_SEARCH_USER_PATHS = NO;
				ASSETCATALOG_COMPILER_GENERATE_SWIFT_ASSET_SYMBOL_EXTENSIONS = YES;
				CLANG_ANALYZER_NONNULL = YES;
				CLANG_ANALYZER_NUMBER_OBJECT_CONVERSION = YES_AGGRESSIVE;
				CLANG_CXX_LANGUAGE_STANDARD = "gnu++20";
				CLANG_ENABLE_MODULES = YES;
				CLANG_ENABLE_OBJC_ARC = YES;
				CLANG_ENABLE_OBJC_WEAK = YES;
				CLANG_WARN_BLOCK_CAPTURE_AUTORELEASING = YES;
				CLANG_WARN_BOOL_CONVERSION = YES;
				CLANG_WARN_COMMA = YES;
				CLANG_WARN_CONSTANT_CONVERSION = YES;
				CLANG_WARN_DEPRECATED_OBJC_IMPLEMENTATIONS = YES;
				CLANG_WARN_DIRECT_OBJC_ISA_USAGE = YES_ERROR;
				CLANG_WARN_DOCUMENTATION_COMMENTS = YES;
				CLANG_WARN_EMPTY_BODY = YES;
				CLANG_WARN_ENUM_CONVERSION = YES;
				CLANG_WARN_INFINITE_RECURSION = YES;
				CLANG_WARN_INT_CONVERSION = YES;
				CLANG_WARN_NON_LITERAL_NULL_CONVERSION = YES;
				CLANG_WARN_OBJC_IMPLICIT_RETAIN_SELF = YES;
				CLANG_WARN_OBJC_LITERAL_CONVERSION = YES;
				CLANG_WARN_OBJC_ROOT_CLASS = YES_ERROR;
				CLANG_WARN_QUOTED_INCLUDE_IN_FRAMEWORK_HEADER = YES;
				CLANG_WARN_RANGE_LOOP_ANALYSIS = YES;
				CLANG_WARN_STRICT_PROTOTYPES = YES;
				CLANG_WARN_SUSPICIOUS_MOVE = YES;
				CLANG_WARN_UNGUARDED_AVAILABILITY = YES_AGGRESSIVE;
				CLANG_WARN_UNREACHABLE_CODE = YES;
				CLANG_WARN__DUPLICATE_METHOD_MATCH = YES;
				COPY_PHASE_STRIP = NO;
				DEBUG_INFORMATION_FORMAT = "dwarf-with-dsym";
				ENABLE_NS_ASSERTIONS = NO;
				ENABLE_STRICT_OBJC_MSGSEND = YES;
				ENABLE_USER_SCRIPT_SANDBOXING = YES;
				GCC_C_LANGUAGE_STANDARD = gnu17;
				GCC_NO_COMMON_BLOCKS = YES;
				GCC_WARN_64_TO_32_BIT_CONVERSION = YES;
				GCC_WARN_ABOUT_RETURN_TYPE = YES_ERROR;
				GCC_WARN_UNDECLARED_SELECTOR = YES;
				GCC_WARN_UNINITIALIZED_AUTOS = YES_AGGRESSIVE;
				GCC_WARN_UNUSED_FUNCTION = YES;
				GCC_WARN_UNUSED_VARIABLE = YES;
				HEADER_SEARCH_PATHS = /opt/homebrew/Cellar/googletest/1.14.0/include;
				LOCALIZATION_PREFERS_STRING_CATALOGS = YES;
				MACOSX_DEPLOYMENT_TARGET = 14.2;
				MTL_ENABLE_DEBUG_INFO = NO;
				MTL_FAST_MATH = YES;
				ONLY_ACTIVE_ARCH = NO;
				SDKROOT = macosx;
				new = "";
			};
			name = Release;
		};
		4C7110A42B603D79005CB862 /* Debug */ = {
			isa = XCBuildConfiguration;
			buildSettings = {
				CODE_SIGN_STYLE = Automatic;
				PRODUCT_NAME = "$(TARGET_NAME)";
			};
			name = Debug;
		};
		4C7110A52B603D79005CB862 /* Release */ = {
			isa = XCBuildConfiguration;
			buildSettings = {
				CODE_SIGN_STYLE = Automatic;
				PRODUCT_NAME = "$(TARGET_NAME)";
			};
			name = Release;
		};
/* End XCBuildConfiguration section */

/* Begin XCConfigurationList section */
		4C5EFB372B699966001D19E4 /* Build configuration list for PBXNativeTarget "utests" */ = {
			isa = XCConfigurationList;
			buildConfigurations = (
				4C5EFB352B699966001D19E4 /* Debug */,
				4C5EFB362B699966001D19E4 /* Release */,
			);
			defaultConfigurationIsVisible = 0;
			defaultConfigurationName = Release;
		};
		4C7110972B603D79005CB862 /* Build configuration list for PBXProject "logger" */ = {
			isa = XCConfigurationList;
			buildConfigurations = (
				4C7110A12B603D79005CB862 /* Debug */,
				4C7110A22B603D79005CB862 /* Release */,
			);
			defaultConfigurationIsVisible = 0;
			defaultConfigurationName = Release;
		};
		4C7110A32B603D79005CB862 /* Build configuration list for PBXNativeTarget "logger" */ = {
			isa = XCConfigurationList;
			buildConfigurations = (
				4C7110A42B603D79005CB862 /* Debug */,
				4C7110A52B603D79005CB862 /* Release */,
			);
			defaultConfigurationIsVisible = 0;
			defaultConfigurationName = Release;
		};
/* End XCConfigurationList section */
	};
	rootObject = 4C7110942B603D79005CB862 /* Project object */;
}
